	<Project xmlns="http://schemas.microsoft.com/developer/msbuild/2003">
		<PropertyGroup>
			<ProjectGuid>{ad58bef0-51f4-4cc7-8ba5-dca569a7366a}</ProjectGuid>
			<MainSource>CopyCatADO_2009.dpk</MainSource>
			<Configuration Condition=" '$(Configuration)' == '' ">Debug</Configuration>
			<Platform Condition=" '$(Platform)' == '' ">AnyCPU</Platform>
			<DCC_DCCCompiler>DCC32</DCC_DCCCompiler>
			<ProjectVersion>12.0</ProjectVersion>
			<Config Condition="'$(Config)'==''">Debug</Config>
		</PropertyGroup>
		<PropertyGroup Condition="'$(Config)'=='Base' or '$(Base)'!=''">
			<Base>true</Base>
		</PropertyGroup>
		<PropertyGroup Condition="'$(Config)'=='Release' or '$(Cfg_1)'!=''">
			<Cfg_1>true</Cfg_1>
			<CfgParent>Base</CfgParent>
			<Base>true</Base>
		</PropertyGroup>
		<PropertyGroup Condition="'$(Config)'=='Debug' or '$(Cfg_2)'!=''">
			<Cfg_2>true</Cfg_2>
			<CfgParent>Base</CfgParent>
			<Base>true</Base>
		</PropertyGroup>
		<PropertyGroup Condition="'$(Base)'!=''">
			<DCC_ImageBase>00400000</DCC_ImageBase>
			<DesignOnlyPackage>false</DesignOnlyPackage>
			<DCC_Description>CopyCat ADO provider</DCC_Description>
			<DCC_DependencyCheckOutputName>C:\Documents and Settings\All Users\Documents\RAD Studio\6.0\Bpl\CopyCatADO_2009.bpl</DCC_DependencyCheckOutputName>
			<DCC_OutputNeverBuildDcps>true</DCC_OutputNeverBuildDcps>
			<GenDll>true</GenDll>
			<DCC_SymbolReferenceInfo>1</DCC_SymbolReferenceInfo>
			<GenPackage>true</GenPackage>
		</PropertyGroup>
		<PropertyGroup Condition="'$(Cfg_1)'!=''">
			<Version>7.0</Version>
			<DCC_DebugInformation>False</DCC_DebugInformation>
			<DCC_LocalDebugSymbols>False</DCC_LocalDebugSymbols>
			<DCC_SymbolReferenceInfo>0</DCC_SymbolReferenceInfo>
			<DCC_MapFile>3</DCC_MapFile>
			<DCC_CBuilderOutput>All</DCC_CBuilderOutput>
			<DCC_Define>RELEASE;$(DCC_Define)</DCC_Define>
		</PropertyGroup>
		<PropertyGroup Condition="'$(Cfg_2)'!=''">
			<DCC_DependencyCheckOutputName>CopyCatADO_2009.bpl</DCC_DependencyCheckOutputName>
			<Version>7.0</Version>
			<DCC_MapFile>3</DCC_MapFile>
			<DCC_CBuilderOutput>All</DCC_CBuilderOutput>
			<DCC_BplOutput>.</DCC_BplOutput>
		</PropertyGroup>
		<ProjectExtensions>
			<Borland.Personality>Delphi.Personality.12</Borland.Personality>
			<Borland.ProjectType>Package</Borland.ProjectType>
			<BorlandProject>
				<Delphi.Personality>
					<Parameters>
						<Parameters Name="UseLauncher">False</Parameters>
						<Parameters Name="LoadAllSymbols">True</Parameters>
						<Parameters Name="LoadUnspecifiedSymbols">False</Parameters>
					</Parameters>
					<VersionInfo>
						<VersionInfo Name="IncludeVerInfo">True</VersionInfo>
						<VersionInfo Name="AutoIncBuild">False</VersionInfo>
						<VersionInfo Name="MajorVer">1</VersionInfo>
						<VersionInfo Name="MinorVer">0</VersionInfo>
						<VersionInfo Name="Release">0</VersionInfo>
						<VersionInfo Name="Build">0</VersionInfo>
						<VersionInfo Name="Debug">False</VersionInfo>
						<VersionInfo Name="PreRelease">False</VersionInfo>
						<VersionInfo Name="Special">False</VersionInfo>
						<VersionInfo Name="Private">False</VersionInfo>
						<VersionInfo Name="DLL">False</VersionInfo>
						<VersionInfo Name="Locale">1036</VersionInfo>
						<VersionInfo Name="CodePage">1252</VersionInfo>
					</VersionInfo>
					<VersionInfoKeys>
						<VersionInfoKeys Name="CompanyName"/>
						<VersionInfoKeys Name="FileDescription"/>
						<VersionInfoKeys Name="FileVersion">1.0.0.0</VersionInfoKeys>
						<VersionInfoKeys Name="InternalName"/>
						<VersionInfoKeys Name="LegalCopyright"/>
						<VersionInfoKeys Name="LegalTrademarks"/>
						<VersionInfoKeys Name="OriginalFilename"/>
						<VersionInfoKeys Name="ProductName"/>
						<VersionInfoKeys Name="ProductVersion">1.0.0.0</VersionInfoKeys>
						<VersionInfoKeys Name="Comments"/>
					</VersionInfoKeys>
					<Excluded_Packages>
						<Excluded_Packages Name="C:\Program Files\Borland\BDS\4.0\Bin\dclSdac100.bpl">SQL Server Data Access Components</Excluded_Packages>
						<Excluded_Packages Name="C:\Program Files\Borland\BDS\4.0\Bin\sdacvcl100.bpl">SQL Server Data Access GUI related Components</Excluded_Packages>
					</Excluded_Packages>
					<Source>
						<Source Name="MainSource">CopyCatADO_2009.dpk</Source>
					</Source>
					<DebugEnvironmentVariables>
						<DebugEnvironmentVariables Name="Path">&apos;C:\PROGRA~1\Borland\Delphi5\Projects\Bpl;C:\PROGRA~1\Borland\Delphi5\Bin;C:\WINDOWS\Microsoft.NET\Framework\v1.1.4322\;C:\Program Files\Borland\BDS\4.0\Bin;C:\Program Files\Borland\Delphi7\Bin;C:\Program Files\Borland\Delphi7\Projects\Bpl\;C:\Oracle\OraHomeAPISOFT\bin;C:\Program Files\Oracle\jre\1.1.7\bin;C:\PROGRA~1\Borland\CBUILDER5\Projects\Bpl;C:\PROGRA~1\Borland\CBUILDER3\bin;C:\PROGRA~1\Borland\CBUILDER5\bin;C:\PROGRA~1\Borland\CBUILDER\bin;C:\WINDOWS\system32;C:\WINDOWS;C:\WINDOWS\System32\Wbem;C:\Program Files\WinSCP3\;C:\Program Files\Fichiers communs\GTK\2.0\bin;C:\Tools;C:\Program Files\Borland\CaliberRM SDK 2005 R2\lib;C:\Sun\jwsdp-2.0\jwsdp-shared\bin;C:\Program Files\Sun\jstudio_ent8\AppServ8.1UR2\bin;;;;&quot;C:\Documents and Settings\Microtec\Mes documents\Borland Studio Projects\Bpl&quot;;&quot;C:\Program Files\FinalBuilder 3&quot;;C:\Program Files\Sun\jstudio_ent8\ide\uml1\modules\DoorsIntegrationFiles\modules\bin;c:\tools&apos;</DebugEnvironmentVariables>
						<DebugEnvironmentVariables Name="BDS">&apos;c:\program files\borland\bds\4.0&apos;</DebugEnvironmentVariables>
						<DebugEnvironmentVariables Name="BDSPROJECTSDIR">&apos;C:\Documents and Settings\Microtec\Mes documents\Borland Studio Projects&apos;</DebugEnvironmentVariables>
						<DebugEnvironmentVariables Name="DELPHI">&apos;c:\program files\borland\bds\4.0&apos;</DebugEnvironmentVariables>
					</DebugEnvironmentVariables>
					<DebugSysEnvironmentVariables>
						<DebugSysEnvironmentVariables Name="ALLUSERSPROFILE">&apos;C:\Documents and Settings\All Users&apos;</DebugSysEnvironmentVariables>
						<DebugSysEnvironmentVariables Name="APPDATA">&apos;C:\Documents and Settings\Microtec\Application Data&apos;</DebugSysEnvironmentVariables>
						<DebugSysEnvironmentVariables Name="BDSCOMMONDIR">&apos;C:\Documents and Settings\All Users\Documents\RAD Studio\5.0&apos;</DebugSysEnvironmentVariables>
						<DebugSysEnvironmentVariables Name="BDSUSERDIR">&apos;C:\Documents and Settings\Microtec\Mes documents\RAD Studio\5.0&apos;</DebugSysEnvironmentVariables>
						<DebugSysEnvironmentVariables Name="Chemin d'accŠs">&apos;C:\Program Files\Symantec\pcAnywhere\&apos;</DebugSysEnvironmentVariables>
						<DebugSysEnvironmentVariables Name="CLASSPATH">&apos;%AMPC%\classes\jasmin.jar;%AMPC%\classes\ampc_graphics.jar;%AMPC%\classes\acc_std.jar;%AMPC%\classes\jcmp.jar;.;C:\Program Files\Java\jre1.6.0\lib\ext\QTJava.zip&apos;</DebugSysEnvironmentVariables>
						<DebugSysEnvironmentVariables Name="CLIENTNAME">&apos;Console&apos;</DebugSysEnvironmentVariables>
						<DebugSysEnvironmentVariables Name="CommonProgramFiles">&apos;C:\Program Files\Fichiers communs&apos;</DebugSysEnvironmentVariables>
						<DebugSysEnvironmentVariables Name="COMPUTERNAME">&apos;KANGAROO&apos;</DebugSysEnvironmentVariables>
						<DebugSysEnvironmentVariables Name="ComSpec">&apos;C:\WINDOWS\system32\cmd.exe&apos;</DebugSysEnvironmentVariables>
						<DebugSysEnvironmentVariables Name="DXVCL">&apos;C:\Program Files\Developer Express.VCL&apos;</DebugSysEnvironmentVariables>
						<DebugSysEnvironmentVariables Name="FP_NO_HOST_CHECK">&apos;NO&apos;</DebugSysEnvironmentVariables>
						<DebugSysEnvironmentVariables Name="HOMEDRIVE">&apos;C:&apos;</DebugSysEnvironmentVariables>
						<DebugSysEnvironmentVariables Name="HOMEPATH">&apos;\Documents and Settings\Microtec&apos;</DebugSysEnvironmentVariables>
						<DebugSysEnvironmentVariables Name="LOGONSERVER">&apos;\\KANGAROO&apos;</DebugSysEnvironmentVariables>
						<DebugSysEnvironmentVariables Name="NUMBER_OF_PROCESSORS">&apos;1&apos;</DebugSysEnvironmentVariables>
						<DebugSysEnvironmentVariables Name="OS">&apos;Windows_NT&apos;</DebugSysEnvironmentVariables>
						<DebugSysEnvironmentVariables Name="PATHEXT">&apos;.COM;.EXE;.BAT;.CMD;.VBS;.VBE;.JS;.JSE;.WSF;.WSH&apos;</DebugSysEnvironmentVariables>
						<DebugSysEnvironmentVariables Name="PROCESSOR_ARCHITECTURE">&apos;x86&apos;</DebugSysEnvironmentVariables>
						<DebugSysEnvironmentVariables Name="PROCESSOR_IDENTIFIER">&apos;x86 Family 6 Model 13 Stepping 6, GenuineIntel&apos;</DebugSysEnvironmentVariables>
						<DebugSysEnvironmentVariables Name="PROCESSOR_LEVEL">&apos;6&apos;</DebugSysEnvironmentVariables>
						<DebugSysEnvironmentVariables Name="PROCESSOR_REVISION">&apos;0d06&apos;</DebugSysEnvironmentVariables>
						<DebugSysEnvironmentVariables Name="ProgramFiles">&apos;C:\Program Files&apos;</DebugSysEnvironmentVariables>
						<DebugSysEnvironmentVariables Name="QTJAVA">&apos;C:\Program Files\Java\jre1.6.0\lib\ext\QTJava.zip&apos;</DebugSysEnvironmentVariables>
						<DebugSysEnvironmentVariables Name="SESSIONNAME">&apos;Console&apos;</DebugSysEnvironmentVariables>
						<DebugSysEnvironmentVariables Name="SystemDrive">&apos;C:&apos;</DebugSysEnvironmentVariables>
						<DebugSysEnvironmentVariables Name="SystemRoot">&apos;C:\WINDOWS&apos;</DebugSysEnvironmentVariables>
						<DebugSysEnvironmentVariables Name="TEMP">&apos;C:\Temp&apos;</DebugSysEnvironmentVariables>
						<DebugSysEnvironmentVariables Name="TMP">&apos;C:\Temp&apos;</DebugSysEnvironmentVariables>
						<DebugSysEnvironmentVariables Name="USERDOMAIN">&apos;KANGAROO&apos;</DebugSysEnvironmentVariables>
						<DebugSysEnvironmentVariables Name="USERNAME">&apos;Microtec&apos;</DebugSysEnvironmentVariables>
						<DebugSysEnvironmentVariables Name="USERPROFILE">&apos;C:\Documents and Settings\Microtec&apos;</DebugSysEnvironmentVariables>
						<DebugSysEnvironmentVariables Name="windir">&apos;C:\WINDOWS&apos;</DebugSysEnvironmentVariables>
					</DebugSysEnvironmentVariables>
				</Delphi.Personality>
			</BorlandProject>
			<ProjectFileVersion>12</ProjectFileVersion>
		</ProjectExtensions>
		<ItemGroup>
			<DelphiCompile Include="CopyCatADO_2009.dpk">
				<MainSource>MainSource</MainSource>
			</DelphiCompile>
			<DCCReference Include="vcl.dcp"/>
			<DCCReference Include="dclado.dcp"/>
			<DCCReference Include="adortl.dcp"/>
			<DCCReference Include="CopyCat_2009.dcp"/>
			<DCCReference Include="CcConnADO.pas"/>
			<BuildConfiguration Include="Base">
				<Key>Base</Key>
			</BuildConfiguration>
			<BuildConfiguration Include="Debug">
				<Key>Cfg_2</Key>
				<CfgParent>Base</CfgParent>
			</BuildConfiguration>
			<BuildConfiguration Include="Release">
				<Key>Cfg_1</Key>
				<CfgParent>Base</CfgParent>
			</BuildConfiguration>
		</ItemGroup>
		<Import Project="$(BDS)\Bin\CodeGear.Delphi.Targets" Condition="Exists('$(BDS)\Bin\CodeGear.Delphi.Targets')"/>
	</Project>
